// !$*UTF8*$!
{
	archiveVersion = 1;
	classes = {
	};
	objectVersion = 46;
	objects = {

/* Begin PBXBuildFile section */
		3BF7D5201AB1A1C90083A84A /* AppDelegate.swift in Sources */ = {isa = PBXBuildFile; fileRef = 3BF7D51F1AB1A1C90083A84A /* AppDelegate.swift */; };
		3BF7D5221AB1A1C90083A84A /* ViewController.swift in Sources */ = {isa = PBXBuildFile; fileRef = 3BF7D5211AB1A1C90083A84A /* ViewController.swift */; };
		3BF7D5251AB1A1C90083A84A /* Main.storyboard in Resources */ = {isa = PBXBuildFile; fileRef = 3BF7D5231AB1A1C90083A84A /* Main.storyboard */; };
		3BF7D5271AB1A1C90083A84A /* Images.xcassets in Resources */ = {isa = PBXBuildFile; fileRef = 3BF7D5261AB1A1C90083A84A /* Images.xcassets */; };
		3BF7D52A1AB1A1C90083A84A /* LaunchScreen.xib in Resources */ = {isa = PBXBuildFile; fileRef = 3BF7D5281AB1A1C90083A84A /* LaunchScreen.xib */; };
		3BF7D5361AB1A1C90083A84A /* AliseTests.swift in Sources */ = {isa = PBXBuildFile; fileRef = 3BF7D5351AB1A1C90083A84A /* AliseTests.swift */; };
/* End PBXBuildFile section */

/* Begin PBXContainerItemProxy section */
		3BF7D5301AB1A1C90083A84A /* PBXContainerItemProxy */ = {
			isa = PBXContainerItemProxy;
			containerPortal = 3BF7D5121AB1A1C90083A84A /* Project object */;
			proxyType = 1;
			remoteGlobalIDString = 3BF7D5191AB1A1C90083A84A;
			remoteInfo = Alise;
		};
/* End PBXContainerItemProxy section */

/* Begin PBXFileReference section */
		3BF7D51A1AB1A1C90083A84A /* Alise.app */ = {isa = PBXFileReference; explicitFileType = wrapper.application; includeInIndex = 0; path = Alise.app; sourceTree = BUILT_PRODUCTS_DIR; };
		3BF7D51E1AB1A1C90083A84A /* Info.plist */ = {isa = PBXFileReference; lastKnownFileType = text.plist.xml; path = Info.plist; sourceTree = "<group>"; };
		3BF7D51F1AB1A1C90083A84A /* AppDelegate.swift */ = {isa = PBXFileReference; lastKnownFileType = sourcecode.swift; path = AppDelegate.swift; sourceTree = "<group>"; };
		3BF7D5211AB1A1C90083A84A /* ViewController.swift */ = {isa = PBXFileReference; lastKnownFileType = sourcecode.swift; path = ViewController.swift; sourceTree = "<group>"; };
		3BF7D5241AB1A1C90083A84A /* Base */ = {isa = PBXFileReference; lastKnownFileType = file.storyboard; name = Base; path = Base.lproj/Main.storyboard; sourceTree = "<group>"; };
		3BF7D5261AB1A1C90083A84A /* Images.xcassets */ = {isa = PBXFileReference; lastKnownFileType = folder.assetcatalog; path = Images.xcassets; sourceTree = "<group>"; };
		3BF7D5291AB1A1C90083A84A /* Base */ = {isa = PBXFileReference; lastKnownFileType = file.xib; name = Base; path = Base.lproj/LaunchScreen.xib; sourceTree = "<group>"; };
		3BF7D52F1AB1A1C90083A84A /* AliseTests.xctest */ = {isa = PBXFileReference; explicitFileType = wrapper.cfbundle; includeInIndex = 0; path = AliseTests.xctest; sourceTree = BUILT_PRODUCTS_DIR; };
		3BF7D5341AB1A1C90083A84A /* Info.plist */ = {isa = PBXFileReference; lastKnownFileType = text.plist.xml; path = Info.plist; sourceTree = "<group>"; };
		3BF7D5351AB1A1C90083A84A /* AliseTests.swift */ = {isa = PBXFileReference; lastKnownFileType = sourcecode.swift; path = AliseTests.swift; sourceTree = "<group>"; };
/* End PBXFileReference section */

/* Begin PBXFrameworksBuildPhase section */
		3BF7D5171AB1A1C90083A84A /* Frameworks */ = {
			isa = PBXFrameworksBuildPhase;
			buildActionMask = 2147483647;
			files = (
			);
			runOnlyForDeploymentPostprocessing = 0;
		};
		3BF7D52C1AB1A1C90083A84A /* Frameworks */ = {
			isa = PBXFrameworksBuildPhase;
			buildActionMask = 2147483647;
			files = (
			);
			runOnlyForDeploymentPostprocessing = 0;
		};
/* End PBXFrameworksBuildPhase section */

/* Begin PBXGroup section */
		3BF7D5111AB1A1C90083A84A = {
			isa = PBXGroup;
			children = (
				3BF7D51C1AB1A1C90083A84A /* Alise */,
				3BF7D5321AB1A1C90083A84A /* AliseTests */,
				3BF7D51B1AB1A1C90083A84A /* Products */,
			);
			sourceTree = "<group>";
		};
		3BF7D51B1AB1A1C90083A84A /* Products */ = {
			isa = PBXGroup;
			children = (
				3BF7D51A1AB1A1C90083A84A /* Alise.app */,
				3BF7D52F1AB1A1C90083A84A /* AliseTests.xctest */,
			);
			name = Products;
			sourceTree = "<group>";
		};
		3BF7D51C1AB1A1C90083A84A /* Alise */ = {
			isa = PBXGroup;
			children = (
				3BF7D51F1AB1A1C90083A84A /* AppDelegate.swift */,
				3BF7D5211AB1A1C90083A84A /* ViewController.swift */,
				3BF7D5231AB1A1C90083A84A /* Main.storyboard */,
				3BF7D5261AB1A1C90083A84A /* Images.xcassets */,
				3BF7D5281AB1A1C90083A84A /* LaunchScreen.xib */,
				3BF7D51D1AB1A1C90083A84A /* Supporting Files */,
			);
			path = Alise;
			sourceTree = "<group>";
		};
		3BF7D51D1AB1A1C90083A84A /* Supporting Files */ = {
			isa = PBXGroup;
			children = (
				3BF7D51E1AB1A1C90083A84A /* Info.plist */,
			);
			name = "Supporting Files";
			sourceTree = "<group>";
		};
		3BF7D5321AB1A1C90083A84A /* AliseTests */ = {
			isa = PBXGroup;
			children = (
				3BF7D5351AB1A1C90083A84A /* AliseTests.swift */,
				3BF7D5331AB1A1C90083A84A /* Supporting Files */,
			);
			path = AliseTests;
			sourceTree = "<group>";
		};
		3BF7D5331AB1A1C90083A84A /* Supporting Files */ = {
			isa = PBXGroup;
			children = (
				3BF7D5341AB1A1C90083A84A /* Info.plist */,
			);
			name = "Supporting Files";
			sourceTree = "<group>";
		};
/* End PBXGroup section */

/* Begin PBXNativeTarget section */
		3BF7D5191AB1A1C90083A84A /* Alise */ = {
			isa = PBXNativeTarget;
			buildConfigurationList = 3BF7D5391AB1A1C90083A84A /* Build configuration list for PBXNativeTarget "Alise" */;
			buildPhases = (
				3BF7D5161AB1A1C90083A84A /* Sources */,
				3BF7D5171AB1A1C90083A84A /* Frameworks */,
				3BF7D5181AB1A1C90083A84A /* Resources */,
			);
			buildRules = (
			);
			dependencies = (
			);
			name = Alise;
			productName = Alise;
			productReference = 3BF7D51A1AB1A1C90083A84A /* Alise.app */;
			productType = "com.apple.product-type.application";
		};
		3BF7D52E1AB1A1C90083A84A /* AliseTests */ = {
			isa = PBXNativeTarget;
			buildConfigurationList = 3BF7D53C1AB1A1C90083A84A /* Build configuration list for PBXNativeTarget "AliseTests" */;
			buildPhases = (
				3BF7D52B1AB1A1C90083A84A /* Sources */,
				3BF7D52C1AB1A1C90083A84A /* Frameworks */,
				3BF7D52D1AB1A1C90083A84A /* Resources */,
			);
			buildRules = (
			);
			dependencies = (
				3BF7D5311AB1A1C90083A84A /* PBXTargetDependency */,
			);
			name = AliseTests;
			productName = AliseTests;
			productReference = 3BF7D52F1AB1A1C90083A84A /* AliseTests.xctest */;
			productType = "com.apple.product-type.bundle.unit-test";
		};
/* End PBXNativeTarget section */

/* Begin PBXProject section */
		3BF7D5121AB1A1C90083A84A /* Project object */ = {
			isa = PBXProject;
			attributes = {
				LastUpgradeCheck = 0600;
				ORGANIZATIONNAME = kasutaja;
				TargetAttributes = {
					3BF7D5191AB1A1C90083A84A = {
						CreatedOnToolsVersion = 6.0.1;
					};
					3BF7D52E1AB1A1C90083A84A = {
						CreatedOnToolsVersion = 6.0.1;
						TestTargetID = 3BF7D5191AB1A1C90083A84A;
					};
				};
			};
			buildConfigurationList = 3BF7D5151AB1A1C90083A84A /* Build configuration list for PBXProject "Alise" */;
			compatibilityVersion = "Xcode 3.2";
			developmentRegion = English;
			hasScannedForEncodings = 0;
			knownRegions = (
				en,
				Base,
			);
			mainGroup = 3BF7D5111AB1A1C90083A84A;
			productRefGroup = 3BF7D51B1AB1A1C90083A84A /* Products */;
			projectDirPath = "";
			projectRoot = "";
			targets = (
				3BF7D5191AB1A1C90083A84A /* Alise */,
				3BF7D52E1AB1A1C90083A84A /* AliseTests */,
			);
		};
/* End PBXProject section */

/* Begin PBXResourcesBuildPhase section */
		3BF7D5181AB1A1C90083A84A /* Resources */ = {
			isa = PBXResourcesBuildPhase;
			buildActionMask = 2147483647;
			files = (
				3BF7D5251AB1A1C90083A84A /* Main.storyboard in Resources */,
				3BF7D52A1AB1A1C90083A84A /* LaunchScreen.xib in Resources */,
				3BF7D5271AB1A1C90083A84A /* Images.xcassets in Resources */,
			);
			runOnlyForDeploymentPostprocessing = 0;
		};
		3BF7D52D1AB1A1C90083A84A /* Resources */ = {
			isa = PBXResourcesBuildPhase;
			buildActionMask = 2147483647;
			files = (
			);
			runOnlyForDeploymentPostprocessing = 0;
		};
/* End PBXResourcesBuildPhase section */

/* Begin PBXSourcesBuildPhase section */
		3BF7D5161AB1A1C90083A84A /* Sources */ = {
			isa = PBXSourcesBuildPhase;
			buildActionMask = 2147483647;
			files = (
				3BF7D5221AB1A1C90083A84A /* ViewController.swift in Sources */,
				3BF7D5201AB1A1C90083A84A /* AppDelegate.swift in Sources */,
			);
			runOnlyForDeploymentPostprocessing = 0;
		};
		3BF7D52B1AB1A1C90083A84A /* Sources */ = {
			isa = PBXSourcesBuildPhase;
			buildActionMask = 2147483647;
			files = (
				3BF7D5361AB1A1C90083A84A /* AliseTests.swift in Sources */,
			);
			runOnlyForDeploymentPostprocessing = 0;
		};
/* End PBXSourcesBuildPhase section */

/* Begin PBXTargetDependency section */
		3BF7D5311AB1A1C90083A84A /* PBXTargetDependency */ = {
			isa = PBXTargetDependency;
			target = 3BF7D5191AB1A1C90083A84A /* Alise */;
			targetProxy = 3BF7D5301AB1A1C90083A84A /* PBXContainerItemProxy */;
		};
/* End PBXTargetDependency section */

/* Begin PBXVariantGroup section */
		3BF7D5231AB1A1C90083A84A /* Main.storyboard */ = {
			isa = PBXVariantGroup;
			children = (
				3BF7D5241AB1A1C90083A84A /* Base */,
			);
			name = Main.storyboard;
			sourceTree = "<group>";
		};
		3BF7D5281AB1A1C90083A84A /* LaunchScreen.xib */ = {
			isa = PBXVariantGroup;
			children = (
				3BF7D5291AB1A1C90083A84A /* Base */,
			);
			name = LaunchScreen.xib;
			sourceTree = "<group>";
		};
/* End PBXVariantGroup section */

/* Begin XCBuildConfiguration section */
		3BF7D5371AB1A1C90083A84A /* Debug */ = {
			isa = XCBuildConfiguration;
			buildSettings = {
				ALWAYS_SEARCH_USER_PATHS = NO;
				CLANG_CXX_LANGUAGE_STANDARD = "gnu++0x";
				CLANG_CXX_LIBRARY = "libc++";
				CLANG_ENABLE_MODULES = YES;
				CLANG_ENABLE_OBJC_ARC = YES;
				CLANG_WARN_BOOL_CONVERSION = YES;
				CLANG_WARN_CONSTANT_CONVERSION = YES;
				CLANG_WARN_DIRECT_OBJC_ISA_USAGE = YES_ERROR;
				CLANG_WARN_EMPTY_BODY = YES;
				CLANG_WARN_ENUM_CONVERSION = YES;
				CLANG_WARN_INT_CONVERSION = YES;
				CLANG_WARN_OBJC_ROOT_CLASS = YES_ERROR;
				CLANG_WARN_UNREACHABLE_CODE = YES;
				CLANG_WARN__DUPLICATE_METHOD_MATCH = YES;
				"CODE_SIGN_IDENTITY[sdk=iphoneos*]" = "iPhone Developer";
				COPY_PHASE_STRIP = NO;
				ENABLE_STRICT_OBJC_MSGSEND = YES;
				GCC_C_LANGUAGE_STANDARD = gnu99;
				GCC_DYNAMIC_NO_PIC = NO;
				GCC_OPTIMIZATION_LEVEL = 0;
				GCC_PREPROCESSOR_DEFINITIONS = (
					"DEBUG=1",
					"$(inherited)",
				);
				GCC_SYMBOLS_PRIVATE_EXTERN = NO;
				GCC_WARN_64_TO_32_BIT_CONVERSION = YES;
				GCC_WARN_ABOUT_RETURN_TYPE = YES_ERROR;
				GCC_WARN_UNDECLARED_SELECTOR = YES;
				GCC_WARN_UNINITIALIZED_AUTOS = YES_AGGRESSIVE;
				GCC_WARN_UNUSED_FUNCTION = YES;
				GCC_WARN_UNUSED_VARIABLE = YES;
				IPHONEOS_DEPLOYMENT_TARGET = 8.0;
				MTL_ENABLE_DEBUG_INFO = YES;
				ONLY_ACTIVE_ARCH = YES;
				SDKROOT = iphoneos;
				SWIFT_OPTIMIZATION_LEVEL = "-Onone";
				TARGETED_DEVICE_FAMILY = "1,2";
			};
			name = Debug;
		};
		3BF7D5381AB1A1C90083A84A /* Release */ = {
			isa = XCBuildConfiguration;
			buildSettings = {
				ALWAYS_SEARCH_USER_PATHS = NO;
				CLANG_CXX_LANGUAGE_STANDARD = "gnu++0x";
				CLANG_CXX_LIBRARY = "libc++";
				CLANG_ENABLE_MODULES = YES;
				CLANG_ENABLE_OBJC_ARC = YES;
				CLANG_WARN_BOOL_CONVERSION = YES;
				CLANG_WARN_CONSTANT_CONVERSION = YES;
				CLANG_WARN_DIRECT_OBJC_ISA_USAGE = YES_ERROR;
				CLANG_WARN_EMPTY_BODY = YES;
				CLANG_WARN_ENUM_CONVERSION = YES;
				CLANG_WARN_INT_CONVERSION = YES;
				CLANG_WARN_OBJC_ROOT_CLASS = YES_ERROR;
				CLANG_WARN_UNREACHABLE_CODE = YES;
				CLANG_WARN__DUPLICATE_METHOD_MATCH = YES;
				"CODE_SIGN_IDENTITY[sdk=iphoneos*]" = "iPhone Developer";
				COPY_PHASE_STRIP = YES;
				ENABLE_NS_ASSERTIONS = NO;
				ENABLE_STRICT_OBJC_MSGSEND = YES;
				GCC_C_LANGUAGE_STANDARD = gnu99;
				GCC_WARN_64_TO_32_BIT_CONVERSION = YES;
				GCC_WARN_ABOUT_RETURN_TYPE = YES_ERROR;
				GCC_WARN_UNDECLARED_SELECTOR = YES;
				GCC_WARN_UNINITIALIZED_AUTOS = YES_AGGRESSIVE;
				GCC_WARN_UNUSED_FUNCTION = YES;
				GCC_WARN_UNUSED_VARIABLE = YES;
				IPHONEOS_DEPLOYMENT_TARGET = 8.0;
				MTL_ENABLE_DEBUG_INFO = NO;
				SDKROOT = iphoneos;
				TARGETED_DEVICE_FAMILY = "1,2";
				VALIDATE_PRODUCT = YES;
			};
			name = Release;
		};
		3BF7D53A1AB1A1C90083A84A /* Debug */ = {
			isa = XCBuildConfiguration;
			buildSettings = {
				ASSETCATALOG_COMPILER_APPICON_NAME = AppIcon;
				INFOPLIST_FILE = Alise/Info.plist;
				LD_RUNPATH_SEARCH_PATHS = "$(inherited) @executable_path/Frameworks";
				PRODUCT_NAME = "$(TARGET_NAME)";
			};
			name = Debug;
		};
		3BF7D53B1AB1A1C90083A84A /* Release */ = {
			isa = XCBuildConfiguration;
			buildSettings = {
				ASSETCATALOG_COMPILER_APPICON_NAME = AppIcon;
				INFOPLIST_FILE = Alise/Info.plist;
				LD_RUNPATH_SEARCH_PATHS = "$(inherited) @executable_path/Frameworks";
				PRODUCT_NAME = "$(TARGET_NAME)";
			};
			name = Release;
		};
		3BF7D53D1AB1A1C90083A84A /* Debug */ = {
			isa = XCBuildConfiguration;
			buildSettings = {
				BUNDLE_LOADER = "$(TEST_HOST)";
				FRAMEWORK_SEARCH_PATHS = (
					"$(SDKROOT)/Developer/Library/Frameworks",
					"$(inherited)",
				);
				GCC_PREPROCESSOR_DEFINITIONS = (
					"DEBUG=1",
					"$(inherited)",
				);
				INFOPLIST_FILE = AliseTests/Info.plist;
				LD_RUNPATH_SEARCH_PATHS = "$(inherited) @executable_path/Frameworks @loader_path/Frameworks";
				PRODUCT_NAME = "$(TARGET_NAME)";
				TEST_HOST = "$(BUILT_PRODUCTS_DIR)/Alise.app/Alise";
			};
			name = Debug;
		};
		3BF7D53E1AB1A1C90083A84A /* Release */ = {
			isa = XCBuildConfiguration;
			buildSettings = {
				BUNDLE_LOADER = "$(TEST_HOST)";
				FRAMEWORK_SEARCH_PATHS = (
					"$(SDKROOT)/Developer/Library/Frameworks",
					"$(inherited)",
				);
				INFOPLIST_FILE = AliseTests/Info.plist;
				LD_RUNPATH_SEARCH_PATHS = "$(inherited) @executable_path/Frameworks @loader_path/Frameworks";
				PRODUCT_NAME = "$(TARGET_NAME)";
				TEST_HOST = "$(BUILT_PRODUCTS_DIR)/Alise.app/Alise";
			};
			name = Release;
		};
/* End XCBuildConfiguration section */

/* Begin XCConfigurationList section */
		3BF7D5151AB1A1C90083A84A /* Build configuration list for PBXProject "Alise" */ = {
			isa = XCConfigurationList;
			buildConfigurations = (
				3BF7D5371AB1A1C90083A84A /* Debug */,
				3BF7D5381AB1A1C90083A84A /* Release */,
			);
			defaultConfigurationIsVisible = 0;
			defaultConfigurationName = Release;
		};
		3BF7D5391AB1A1C90083A84A /* Build configuration list for PBXNativeTarget "Alise" */ = {
			isa = XCConfigurationList;
			buildConfigurations = (
				3BF7D53A1AB1A1C90083A84A /* Debug */,
				3BF7D53B1AB1A1C90083A84A /* Release */,
			);
			defaultConfigurationIsVisible = 0;
		};
		3BF7D53C1AB1A1C90083A84A /* Build configuration list for PBXNativeTarget "AliseTests" */ = {
			isa = XCConfigurationList;
			buildConfigurations = (
				3BF7D53D1AB1A1C90083A84A /* Debug */,
				3BF7D53E1AB1A1C90083A84A /* Release */,
			);
			defaultConfigurationIsVisible = 0;
		};
/* End XCConfigurationList section */
	};
	rootObject = 3BF7D5121AB1A1C90083A84A /* Project object */;
}
